
Microsoft Visual Studio Solution File, Format Version 12.00
# Visual Studio Version 17
VisualStudioVersion = 17.5.33502.453
MinimumVisualStudioVersion = 10.0.40219.1
Project("{FAE04EC0-301F-11D3-BF4B-00C04F79EFBC}") = "lab15", "lab15\lab15.csproj", "{2E776338-E30F-4B3E-AA61-368A2A209F0F}"
EndProject
Global
	GlobalSection(SolutionConfigurationPlatforms) = preSolution
		Debug|Any CPU = Debug|Any CPU
		Release|Any CPU = Release|Any CPU
	EndGlobalSection
	GlobalSection(ProjectConfigurationPlatforms) = postSolution
		{2E776338-E30F-4B3E-AA61-368A2A209F0F}.Debug|Any CPU.ActiveCfg = Debug|Any CPU
		{2E776338-E30F-4B3E-AA61-368A2A209F0F}.Debug|Any CPU.Build.0 = Debug|Any CPU
		{2E776338-E30F-4B3E-AA61-368A2A209F0F}.Release|Any CPU.ActiveCfg = Release|Any CPU
		{2E776338-E30F-4B3E-AA61-368A2A209F0F}.Release|Any CPU.Build.0 = Release|Any CPU
	EndGlobalSection
	GlobalSection(SolutionProperties) = preSolution
		HideSolutionNode = FALSE
	EndGlobalSection
	GlobalSection(ExtensibilityGlobals) = postSolution
		SolutionGuid = {58B74E02-2A21-4E53-BABC-5DFD288C1191}
	EndGlobalSection
EndGlobal
